
Microsoft Visual Studio Solution File, Format Version 12.00
# Visual Studio Version 17
VisualStudioVersion = 17.7.34031.279
MinimumVisualStudioVersion = 10.0.40219.1
Project("{FAE04EC0-301F-11D3-BF4B-00C04F79EFBC}") = "RPM_PR-23.106_Oshepkov_PR3_v2", "RPM_PR-23.106_Oshepkov_PR3_v2\RPM_PR-23.106_Oshepkov_PR3_v2.csproj", "{7D798FDC-BD4E-4921-A7AF-53840F2030F4}"
EndProject
Global
	GlobalSection(SolutionConfigurationPlatforms) = preSolution
		Debug|Any CPU = Debug|Any CPU
		Release|Any CPU = Release|Any CPU
	EndGlobalSection
	GlobalSection(ProjectConfigurationPlatforms) = postSolution
		{7D798FDC-BD4E-4921-A7AF-53840F2030F4}.Debug|Any CPU.ActiveCfg = Debug|Any CPU
		{7D798FDC-BD4E-4921-A7AF-53840F2030F4}.Debug|Any CPU.Build.0 = Debug|Any CPU
		{7D798FDC-BD4E-4921-A7AF-53840F2030F4}.Release|Any CPU.ActiveCfg = Release|Any CPU
		{7D798FDC-BD4E-4921-A7AF-53840F2030F4}.Release|Any CPU.Build.0 = Release|Any CPU
	EndGlobalSection
	GlobalSection(SolutionProperties) = preSolution
		HideSolutionNode = FALSE
	EndGlobalSection
	GlobalSection(ExtensibilityGlobals) = postSolution
		SolutionGuid = {7F95FD0E-7228-435E-A0FE-1A9E96555F6A}
	EndGlobalSection
EndGlobal
